// !$*UTF8*$!
{
	archiveVersion = 1;
	classes = {
	};
	objectVersion = 56;
	objects = {

/* Begin PBXBuildFile section */
		9D03C22C2A43B19200CC51CF /* HikeApp.swift in Sources */ = {isa = PBXBuildFile; fileRef = 9D03C22B2A43B19200CC51CF /* HikeApp.swift */; };
		9D03C22E2A43B19200CC51CF /* ContentView.swift in Sources */ = {isa = PBXBuildFile; fileRef = 9D03C22D2A43B19200CC51CF /* ContentView.swift */; };
		9D03C2302A43B19400CC51CF /* Assets.xcassets in Resources */ = {isa = PBXBuildFile; fileRef = 9D03C22F2A43B19400CC51CF /* Assets.xcassets */; };
		9D03C2342A43B19400CC51CF /* Preview Assets.xcassets in Resources */ = {isa = PBXBuildFile; fileRef = 9D03C2332A43B19400CC51CF /* Preview Assets.xcassets */; };
		9D03C23B2A43BEDA00CC51CF /* CardView.swift in Sources */ = {isa = PBXBuildFile; fileRef = 9D03C23A2A43BEDA00CC51CF /* CardView.swift */; };
		9D03C23E2A43BFA300CC51CF /* CustomBackgroundView.swift in Sources */ = {isa = PBXBuildFile; fileRef = 9D03C23D2A43BFA300CC51CF /* CustomBackgroundView.swift */; };
		9D03C2412A43C0AB00CC51CF /* Color+Extension.swift in Sources */ = {isa = PBXBuildFile; fileRef = 9D03C2402A43C0AB00CC51CF /* Color+Extension.swift */; };
		9D03C2432A43C42900CC51CF /* CustomButtonView.swift in Sources */ = {isa = PBXBuildFile; fileRef = 9D03C2422A43C42900CC51CF /* CustomButtonView.swift */; };
		9D03C2452A43C8A100CC51CF /* GradientButtonStyle.swift in Sources */ = {isa = PBXBuildFile; fileRef = 9D03C2442A43C8A100CC51CF /* GradientButtonStyle.swift */; };
		9D03CE502A8D78C70079F3DC /* SettingsView.swift in Sources */ = {isa = PBXBuildFile; fileRef = 9D03CE4F2A8D78C70079F3DC /* SettingsView.swift */; };
		9D03CE522A8D7F850079F3DC /* ListRowView.swift in Sources */ = {isa = PBXBuildFile; fileRef = 9D03CE512A8D7F850079F3DC /* ListRowView.swift */; };
		9D945DE42A4A5EB200176AD9 /* CustomCircleView.swift in Sources */ = {isa = PBXBuildFile; fileRef = 9D945DE32A4A5EB200176AD9 /* CustomCircleView.swift */; };
		9D945DE62A4A5FC700176AD9 /* MotionAnimationView.swift in Sources */ = {isa = PBXBuildFile; fileRef = 9D945DE52A4A5FC700176AD9 /* MotionAnimationView.swift */; };
/* End PBXBuildFile section */

/* Begin PBXFileReference section */
		9D03C2282A43B19200CC51CF /* Hike.app */ = {isa = PBXFileReference; explicitFileType = wrapper.application; includeInIndex = 0; path = Hike.app; sourceTree = BUILT_PRODUCTS_DIR; };
		9D03C22B2A43B19200CC51CF /* HikeApp.swift */ = {isa = PBXFileReference; lastKnownFileType = sourcecode.swift; path = HikeApp.swift; sourceTree = "<group>"; };
		9D03C22D2A43B19200CC51CF /* ContentView.swift */ = {isa = PBXFileReference; lastKnownFileType = sourcecode.swift; path = ContentView.swift; sourceTree = "<group>"; };
		9D03C22F2A43B19400CC51CF /* Assets.xcassets */ = {isa = PBXFileReference; lastKnownFileType = folder.assetcatalog; path = Assets.xcassets; sourceTree = "<group>"; };
		9D03C2312A43B19400CC51CF /* Hike.entitlements */ = {isa = PBXFileReference; lastKnownFileType = text.plist.entitlements; path = Hike.entitlements; sourceTree = "<group>"; };
		9D03C2332A43B19400CC51CF /* Preview Assets.xcassets */ = {isa = PBXFileReference; lastKnownFileType = folder.assetcatalog; path = "Preview Assets.xcassets"; sourceTree = "<group>"; };
		9D03C23A2A43BEDA00CC51CF /* CardView.swift */ = {isa = PBXFileReference; lastKnownFileType = sourcecode.swift; path = CardView.swift; sourceTree = "<group>"; };
		9D03C23D2A43BFA300CC51CF /* CustomBackgroundView.swift */ = {isa = PBXFileReference; lastKnownFileType = sourcecode.swift; path = CustomBackgroundView.swift; sourceTree = "<group>"; };
		9D03C2402A43C0AB00CC51CF /* Color+Extension.swift */ = {isa = PBXFileReference; lastKnownFileType = sourcecode.swift; path = "Color+Extension.swift"; sourceTree = "<group>"; };
		9D03C2422A43C42900CC51CF /* CustomButtonView.swift */ = {isa = PBXFileReference; lastKnownFileType = sourcecode.swift; path = CustomButtonView.swift; sourceTree = "<group>"; };
		9D03C2442A43C8A100CC51CF /* GradientButtonStyle.swift */ = {isa = PBXFileReference; lastKnownFileType = sourcecode.swift; path = GradientButtonStyle.swift; sourceTree = "<group>"; };
		9D03CE4F2A8D78C70079F3DC /* SettingsView.swift */ = {isa = PBXFileReference; lastKnownFileType = sourcecode.swift; path = SettingsView.swift; sourceTree = "<group>"; };
		9D03CE512A8D7F850079F3DC /* ListRowView.swift */ = {isa = PBXFileReference; lastKnownFileType = sourcecode.swift; path = ListRowView.swift; sourceTree = "<group>"; };
		9D945DE32A4A5EB200176AD9 /* CustomCircleView.swift */ = {isa = PBXFileReference; lastKnownFileType = sourcecode.swift; path = CustomCircleView.swift; sourceTree = "<group>"; };
		9D945DE52A4A5FC700176AD9 /* MotionAnimationView.swift */ = {isa = PBXFileReference; lastKnownFileType = sourcecode.swift; path = MotionAnimationView.swift; sourceTree = "<group>"; };
/* End PBXFileReference section */

/* Begin PBXFrameworksBuildPhase section */
		9D03C2252A43B19200CC51CF /* Frameworks */ = {
			isa = PBXFrameworksBuildPhase;
			buildActionMask = 2147483647;
			files = (
			);
			runOnlyForDeploymentPostprocessing = 0;
		};
/* End PBXFrameworksBuildPhase section */

/* Begin PBXGroup section */
		9D03C21F2A43B19200CC51CF = {
			isa = PBXGroup;
			children = (
				9D03C22A2A43B19200CC51CF /* Hike */,
				9D03C2292A43B19200CC51CF /* Products */,
			);
			sourceTree = "<group>";
		};
		9D03C2292A43B19200CC51CF /* Products */ = {
			isa = PBXGroup;
			children = (
				9D03C2282A43B19200CC51CF /* Hike.app */,
			);
			name = Products;
			sourceTree = "<group>";
		};
		9D03C22A2A43B19200CC51CF /* Hike */ = {
			isa = PBXGroup;
			children = (
				9D03C23F2A43C09700CC51CF /* Extensions */,
				9D03C22B2A43B19200CC51CF /* HikeApp.swift */,
				9D03CE4E2A8D789F0079F3DC /* Screens */,
				9D03C22F2A43B19400CC51CF /* Assets.xcassets */,
				9D03C2312A43B19400CC51CF /* Hike.entitlements */,
				9D03C2322A43B19400CC51CF /* Preview Content */,
				9D03C23C2A43BF7500CC51CF /* Components */,
			);
			path = Hike;
			sourceTree = "<group>";
		};
		9D03C2322A43B19400CC51CF /* Preview Content */ = {
			isa = PBXGroup;
			children = (
				9D03C2332A43B19400CC51CF /* Preview Assets.xcassets */,
			);
			path = "Preview Content";
			sourceTree = "<group>";
		};
		9D03C23C2A43BF7500CC51CF /* Components */ = {
			isa = PBXGroup;
			children = (
				9D03C23A2A43BEDA00CC51CF /* CardView.swift */,
				9D03C23D2A43BFA300CC51CF /* CustomBackgroundView.swift */,
				9D03C2422A43C42900CC51CF /* CustomButtonView.swift */,
				9D945DE32A4A5EB200176AD9 /* CustomCircleView.swift */,
				9D945DE52A4A5FC700176AD9 /* MotionAnimationView.swift */,
				9D03CE512A8D7F850079F3DC /* ListRowView.swift */,
			);
			path = Components;
			sourceTree = "<group>";
		};
		9D03C23F2A43C09700CC51CF /* Extensions */ = {
			isa = PBXGroup;
			children = (
				9D03C2402A43C0AB00CC51CF /* Color+Extension.swift */,
				9D03C2442A43C8A100CC51CF /* GradientButtonStyle.swift */,
			);
			path = Extensions;
			sourceTree = "<group>";
		};
		9D03CE4E2A8D789F0079F3DC /* Screens */ = {
			isa = PBXGroup;
			children = (
				9D03C22D2A43B19200CC51CF /* ContentView.swift */,
				9D03CE4F2A8D78C70079F3DC /* SettingsView.swift */,
			);
			path = Screens;
			sourceTree = "<group>";
		};
/* End PBXGroup section */

/* Begin PBXNativeTarget section */
		9D03C2272A43B19200CC51CF /* Hike */ = {
			isa = PBXNativeTarget;
			buildConfigurationList = 9D03C2372A43B19400CC51CF /* Build configuration list for PBXNativeTarget "Hike" */;
			buildPhases = (
				9D03C2242A43B19200CC51CF /* Sources */,
				9D03C2252A43B19200CC51CF /* Frameworks */,
				9D03C2262A43B19200CC51CF /* Resources */,
			);
			buildRules = (
			);
			dependencies = (
			);
			name = Hike;
			productName = Hike;
			productReference = 9D03C2282A43B19200CC51CF /* Hike.app */;
			productType = "com.apple.product-type.application";
		};
/* End PBXNativeTarget section */

/* Begin PBXProject section */
		9D03C2202A43B19200CC51CF /* Project object */ = {
			isa = PBXProject;
			attributes = {
				BuildIndependentTargetsInParallel = 1;
				LastSwiftUpdateCheck = 1430;
				LastUpgradeCheck = 1430;
				TargetAttributes = {
					9D03C2272A43B19200CC51CF = {
						CreatedOnToolsVersion = 14.3.1;
					};
				};
			};
			buildConfigurationList = 9D03C2232A43B19200CC51CF /* Build configuration list for PBXProject "Hike" */;
			compatibilityVersion = "Xcode 14.0";
			developmentRegion = en;
			hasScannedForEncodings = 0;
			knownRegions = (
				en,
				Base,
			);
			mainGroup = 9D03C21F2A43B19200CC51CF;
			productRefGroup = 9D03C2292A43B19200CC51CF /* Products */;
			projectDirPath = "";
			projectRoot = "";
			targets = (
				9D03C2272A43B19200CC51CF /* Hike */,
			);
		};
/* End PBXProject section */

/* Begin PBXResourcesBuildPhase section */
		9D03C2262A43B19200CC51CF /* Resources */ = {
			isa = PBXResourcesBuildPhase;
			buildActionMask = 2147483647;
			files = (
				9D03C2342A43B19400CC51CF /* Preview Assets.xcassets in Resources */,
				9D03C2302A43B19400CC51CF /* Assets.xcassets in Resources */,
			);
			runOnlyForDeploymentPostprocessing = 0;
		};
/* End PBXResourcesBuildPhase section */

/* Begin PBXSourcesBuildPhase section */
		9D03C2242A43B19200CC51CF /* Sources */ = {
			isa = PBXSourcesBuildPhase;
			buildActionMask = 2147483647;
			files = (
				9D03C22E2A43B19200CC51CF /* ContentView.swift in Sources */,
				9D945DE42A4A5EB200176AD9 /* CustomCircleView.swift in Sources */,
				9D03C2412A43C0AB00CC51CF /* Color+Extension.swift in Sources */,
				9D03C23B2A43BEDA00CC51CF /* CardView.swift in Sources */,
				9D03CE502A8D78C70079F3DC /* SettingsView.swift in Sources */,
				9D03C2432A43C42900CC51CF /* CustomButtonView.swift in Sources */,
				9D03C2452A43C8A100CC51CF /* GradientButtonStyle.swift in Sources */,
				9D03CE522A8D7F850079F3DC /* ListRowView.swift in Sources */,
				9D945DE62A4A5FC700176AD9 /* MotionAnimationView.swift in Sources */,
				9D03C22C2A43B19200CC51CF /* HikeApp.swift in Sources */,
				9D03C23E2A43BFA300CC51CF /* CustomBackgroundView.swift in Sources */,
			);
			runOnlyForDeploymentPostprocessing = 0;
		};
/* End PBXSourcesBuildPhase section */

/* Begin XCBuildConfiguration section */
		9D03C2352A43B19400CC51CF /* Debug */ = {
			isa = XCBuildConfiguration;
			buildSettings = {
				ALWAYS_SEARCH_USER_PATHS = NO;
				CLANG_ANALYZER_NONNULL = YES;
				CLANG_ANALYZER_NUMBER_OBJECT_CONVERSION = YES_AGGRESSIVE;
				CLANG_CXX_LANGUAGE_STANDARD = "gnu++20";
				CLANG_ENABLE_MODULES = YES;
				CLANG_ENABLE_OBJC_ARC = YES;
				CLANG_ENABLE_OBJC_WEAK = YES;
				CLANG_WARN_BLOCK_CAPTURE_AUTORELEASING = YES;
				CLANG_WARN_BOOL_CONVERSION = YES;
				CLANG_WARN_COMMA = YES;
				CLANG_WARN_CONSTANT_CONVERSION = YES;
				CLANG_WARN_DEPRECATED_OBJC_IMPLEMENTATIONS = YES;
				CLANG_WARN_DIRECT_OBJC_ISA_USAGE = YES_ERROR;
				CLANG_WARN_DOCUMENTATION_COMMENTS = YES;
				CLANG_WARN_EMPTY_BODY = YES;
				CLANG_WARN_ENUM_CONVERSION = YES;
				CLANG_WARN_INFINITE_RECURSION = YES;
				CLANG_WARN_INT_CONVERSION = YES;
				CLANG_WARN_NON_LITERAL_NULL_CONVERSION = YES;
				CLANG_WARN_OBJC_IMPLICIT_RETAIN_SELF = YES;
				CLANG_WARN_OBJC_LITERAL_CONVERSION = YES;
				CLANG_WARN_OBJC_ROOT_CLASS = YES_ERROR;
				CLANG_WARN_QUOTED_INCLUDE_IN_FRAMEWORK_HEADER = YES;
				CLANG_WARN_RANGE_LOOP_ANALYSIS = YES;
				CLANG_WARN_STRICT_PROTOTYPES = YES;
				CLANG_WARN_SUSPICIOUS_MOVE = YES;
				CLANG_WARN_UNGUARDED_AVAILABILITY = YES_AGGRESSIVE;
				CLANG_WARN_UNREACHABLE_CODE = YES;
				CLANG_WARN__DUPLICATE_METHOD_MATCH = YES;
				COPY_PHASE_STRIP = NO;
				DEBUG_INFORMATION_FORMAT = dwarf;
				ENABLE_STRICT_OBJC_MSGSEND = YES;
				ENABLE_TESTABILITY = YES;
				GCC_C_LANGUAGE_STANDARD = gnu11;
				GCC_DYNAMIC_NO_PIC = NO;
				GCC_NO_COMMON_BLOCKS = YES;
				GCC_OPTIMIZATION_LEVEL = 0;
				GCC_PREPROCESSOR_DEFINITIONS = (
					"DEBUG=1",
					"$(inherited)",
				);
				GCC_WARN_64_TO_32_BIT_CONVERSION = YES;
				GCC_WARN_ABOUT_RETURN_TYPE = YES_ERROR;
				GCC_WARN_UNDECLARED_SELECTOR = YES;
				GCC_WARN_UNINITIALIZED_AUTOS = YES_AGGRESSIVE;
				GCC_WARN_UNUSED_FUNCTION = YES;
				GCC_WARN_UNUSED_VARIABLE = YES;
				MTL_ENABLE_DEBUG_INFO = INCLUDE_SOURCE;
				MTL_FAST_MATH = YES;
				ONLY_ACTIVE_ARCH = YES;
				SWIFT_ACTIVE_COMPILATION_CONDITIONS = DEBUG;
				SWIFT_OPTIMIZATION_LEVEL = "-Onone";
			};
			name = Debug;
		};
		9D03C2362A43B19400CC51CF /* Release */ = {
			isa = XCBuildConfiguration;
			buildSettings = {
				ALWAYS_SEARCH_USER_PATHS = NO;
				CLANG_ANALYZER_NONNULL = YES;
				CLANG_ANALYZER_NUMBER_OBJECT_CONVERSION = YES_AGGRESSIVE;
				CLANG_CXX_LANGUAGE_STANDARD = "gnu++20";
				CLANG_ENABLE_MODULES = YES;
				CLANG_ENABLE_OBJC_ARC = YES;
				CLANG_ENABLE_OBJC_WEAK = YES;
				CLANG_WARN_BLOCK_CAPTURE_AUTORELEASING = YES;
				CLANG_WARN_BOOL_CONVERSION = YES;
				CLANG_WARN_COMMA = YES;
				CLANG_WARN_CONSTANT_CONVERSION = YES;
				CLANG_WARN_DEPRECATED_OBJC_IMPLEMENTATIONS = YES;
				CLANG_WARN_DIRECT_OBJC_ISA_USAGE = YES_ERROR;
				CLANG_WARN_DOCUMENTATION_COMMENTS = YES;
				CLANG_WARN_EMPTY_BODY = YES;
				CLANG_WARN_ENUM_CONVERSION = YES;
				CLANG_WARN_INFINITE_RECURSION = YES;
				CLANG_WARN_INT_CONVERSION = YES;
				CLANG_WARN_NON_LITERAL_NULL_CONVERSION = YES;
				CLANG_WARN_OBJC_IMPLICIT_RETAIN_SELF = YES;
				CLANG_WARN_OBJC_LITERAL_CONVERSION = YES;
				CLANG_WARN_OBJC_ROOT_CLASS = YES_ERROR;
				CLANG_WARN_QUOTED_INCLUDE_IN_FRAMEWORK_HEADER = YES;
				CLANG_WARN_RANGE_LOOP_ANALYSIS = YES;
				CLANG_WARN_STRICT_PROTOTYPES = YES;
				CLANG_WARN_SUSPICIOUS_MOVE = YES;
				CLANG_WARN_UNGUARDED_AVAILABILITY = YES_AGGRESSIVE;
				CLANG_WARN_UNREACHABLE_CODE = YES;
				CLANG_WARN__DUPLICATE_METHOD_MATCH = YES;
				COPY_PHASE_STRIP = NO;
				DEBUG_INFORMATION_FORMAT = "dwarf-with-dsym";
				ENABLE_NS_ASSERTIONS = NO;
				ENABLE_STRICT_OBJC_MSGSEND = YES;
				GCC_C_LANGUAGE_STANDARD = gnu11;
				GCC_NO_COMMON_BLOCKS = YES;
				GCC_WARN_64_TO_32_BIT_CONVERSION = YES;
				GCC_WARN_ABOUT_RETURN_TYPE = YES_ERROR;
				GCC_WARN_UNDECLARED_SELECTOR = YES;
				GCC_WARN_UNINITIALIZED_AUTOS = YES_AGGRESSIVE;
				GCC_WARN_UNUSED_FUNCTION = YES;
				GCC_WARN_UNUSED_VARIABLE = YES;
				MTL_ENABLE_DEBUG_INFO = NO;
				MTL_FAST_MATH = YES;
				SWIFT_COMPILATION_MODE = wholemodule;
				SWIFT_OPTIMIZATION_LEVEL = "-O";
			};
			name = Release;
		};
		9D03C2382A43B19400CC51CF /* Debug */ = {
			isa = XCBuildConfiguration;
			buildSettings = {
				ASSETCATALOG_COMPILER_APPICON_NAME = AppIcon;
				ASSETCATALOG_COMPILER_GLOBAL_ACCENT_COLOR_NAME = AccentColor;
				CODE_SIGN_ENTITLEMENTS = Hike/Hike.entitlements;
				CODE_SIGN_STYLE = Automatic;
				CURRENT_PROJECT_VERSION = 1;
				DEVELOPMENT_ASSET_PATHS = "\"Hike/Preview Content\"";
				DEVELOPMENT_TEAM = T2Q6YQFS79;
				ENABLE_HARDENED_RUNTIME = YES;
				ENABLE_PREVIEWS = YES;
				GENERATE_INFOPLIST_FILE = YES;
				"INFOPLIST_KEY_UIApplicationSceneManifest_Generation[sdk=iphoneos*]" = YES;
				"INFOPLIST_KEY_UIApplicationSceneManifest_Generation[sdk=iphonesimulator*]" = YES;
				"INFOPLIST_KEY_UIApplicationSupportsIndirectInputEvents[sdk=iphoneos*]" = YES;
				"INFOPLIST_KEY_UIApplicationSupportsIndirectInputEvents[sdk=iphonesimulator*]" = YES;
				"INFOPLIST_KEY_UILaunchScreen_Generation[sdk=iphoneos*]" = YES;
				"INFOPLIST_KEY_UILaunchScreen_Generation[sdk=iphonesimulator*]" = YES;
				"INFOPLIST_KEY_UIStatusBarStyle[sdk=iphoneos*]" = UIStatusBarStyleDefault;
				"INFOPLIST_KEY_UIStatusBarStyle[sdk=iphonesimulator*]" = UIStatusBarStyleDefault;
				INFOPLIST_KEY_UISupportedInterfaceOrientations_iPad = "UIInterfaceOrientationPortrait UIInterfaceOrientationPortraitUpsideDown UIInterfaceOrientationLandscapeLeft UIInterfaceOrientationLandscapeRight";
				INFOPLIST_KEY_UISupportedInterfaceOrientations_iPhone = "UIInterfaceOrientationPortrait UIInterfaceOrientationLandscapeLeft UIInterfaceOrientationLandscapeRight";
				IPHONEOS_DEPLOYMENT_TARGET = 16.4;
				LD_RUNPATH_SEARCH_PATHS = "@executable_path/Frameworks";
				"LD_RUNPATH_SEARCH_PATHS[sdk=macosx*]" = "@executable_path/../Frameworks";
				MACOSX_DEPLOYMENT_TARGET = 13.3;
				MARKETING_VERSION = 1.0;
				PRODUCT_BUNDLE_IDENTIFIER = com.galdinoallan.Hike;
				PRODUCT_NAME = "$(TARGET_NAME)";
				SDKROOT = auto;
				SUPPORTED_PLATFORMS = "iphoneos iphonesimulator macosx";
				SWIFT_EMIT_LOC_STRINGS = YES;
				SWIFT_VERSION = 5.0;
				TARGETED_DEVICE_FAMILY = "1,2";
			};
			name = Debug;
		};
		9D03C2392A43B19400CC51CF /* Release */ = {
			isa = XCBuildConfiguration;
			buildSettings = {
				ASSETCATALOG_COMPILER_APPICON_NAME = AppIcon;
				ASSETCATALOG_COMPILER_GLOBAL_ACCENT_COLOR_NAME = AccentColor;
				CODE_SIGN_ENTITLEMENTS = Hike/Hike.entitlements;
				CODE_SIGN_STYLE = Automatic;
				CURRENT_PROJECT_VERSION = 1;
				DEVELOPMENT_ASSET_PATHS = "\"Hike/Preview Content\"";
				DEVELOPMENT_TEAM = T2Q6YQFS79;
				ENABLE_HARDENED_RUNTIME = YES;
				ENABLE_PREVIEWS = YES;
				GENERATE_INFOPLIST_FILE = YES;
				"INFOPLIST_KEY_UIApplicationSceneManifest_Generation[sdk=iphoneos*]" = YES;
				"INFOPLIST_KEY_UIApplicationSceneManifest_Generation[sdk=iphonesimulator*]" = YES;
				"INFOPLIST_KEY_UIApplicationSupportsIndirectInputEvents[sdk=iphoneos*]" = YES;
				"INFOPLIST_KEY_UIApplicationSupportsIndirectInputEvents[sdk=iphonesimulator*]" = YES;
				"INFOPLIST_KEY_UILaunchScreen_Generation[sdk=iphoneos*]" = YES;
				"INFOPLIST_KEY_UILaunchScreen_Generation[sdk=iphonesimulator*]" = YES;
				"INFOPLIST_KEY_UIStatusBarStyle[sdk=iphoneos*]" = UIStatusBarStyleDefault;
				"INFOPLIST_KEY_UIStatusBarStyle[sdk=iphonesimulator*]" = UIStatusBarStyleDefault;
				INFOPLIST_KEY_UISupportedInterfaceOrientations_iPad = "UIInterfaceOrientationPortrait UIInterfaceOrientationPortraitUpsideDown UIInterfaceOrientationLandscapeLeft UIInterfaceOrientationLandscapeRight";
				INFOPLIST_KEY_UISupportedInterfaceOrientations_iPhone = "UIInterfaceOrientationPortrait UIInterfaceOrientationLandscapeLeft UIInterfaceOrientationLandscapeRight";
				IPHONEOS_DEPLOYMENT_TARGET = 16.4;
				LD_RUNPATH_SEARCH_PATHS = "@executable_path/Frameworks";
				"LD_RUNPATH_SEARCH_PATHS[sdk=macosx*]" = "@executable_path/../Frameworks";
				MACOSX_DEPLOYMENT_TARGET = 13.3;
				MARKETING_VERSION = 1.0;
				PRODUCT_BUNDLE_IDENTIFIER = com.galdinoallan.Hike;
				PRODUCT_NAME = "$(TARGET_NAME)";
				SDKROOT = auto;
				SUPPORTED_PLATFORMS = "iphoneos iphonesimulator macosx";
				SWIFT_EMIT_LOC_STRINGS = YES;
				SWIFT_VERSION = 5.0;
				TARGETED_DEVICE_FAMILY = "1,2";
			};
			name = Release;
		};
/* End XCBuildConfiguration section */

/* Begin XCConfigurationList section */
		9D03C2232A43B19200CC51CF /* Build configuration list for PBXProject "Hike" */ = {
			isa = XCConfigurationList;
			buildConfigurations = (
				9D03C2352A43B19400CC51CF /* Debug */,
				9D03C2362A43B19400CC51CF /* Release */,
			);
			defaultConfigurationIsVisible = 0;
			defaultConfigurationName = Release;
		};
		9D03C2372A43B19400CC51CF /* Build configuration list for PBXNativeTarget "Hike" */ = {
			isa = XCConfigurationList;
			buildConfigurations = (
				9D03C2382A43B19400CC51CF /* Debug */,
				9D03C2392A43B19400CC51CF /* Release */,
			);
			defaultConfigurationIsVisible = 0;
			defaultConfigurationName = Release;
		};
/* End XCConfigurationList section */
	};
	rootObject = 9D03C2202A43B19200CC51CF /* Project object */;
}
